
Microsoft Visual Studio Solution File, Format Version 12.00
# Visual Studio Version 17
VisualStudioVersion = 17.14.36301.6
MinimumVisualStudioVersion = 10.0.40219.1
Project("{FAE04EC0-301F-11D3-BF4B-00C04F79EFBC}") = "Domain", "src\Domain\Domain.csproj", "{A1AB20A5-C34C-42A7-9256-E8065E5E7E67}"
EndProject
Project("{FAE04EC0-301F-11D3-BF4B-00C04F79EFBC}") = "DirectorySeevice.Web", "src\DirectoryService.Web\DirectorySeevice.Web\DirectorySeevice.Web.csproj", "{50B6DC80-E592-483E-BAAA-FA6160C64897}"
EndProject
Global
	GlobalSection(SolutionConfigurationPlatforms) = preSolution
		Debug|Any CPU = Debug|Any CPU
		Release|Any CPU = Release|Any CPU
	EndGlobalSection
	GlobalSection(ProjectConfigurationPlatforms) = postSolution
		{A1AB20A5-C34C-42A7-9256-E8065E5E7E67}.Debug|Any CPU.ActiveCfg = Debug|Any CPU
		{A1AB20A5-C34C-42A7-9256-E8065E5E7E67}.Debug|Any CPU.Build.0 = Debug|Any CPU
		{A1AB20A5-C34C-42A7-9256-E8065E5E7E67}.Release|Any CPU.ActiveCfg = Release|Any CPU
		{A1AB20A5-C34C-42A7-9256-E8065E5E7E67}.Release|Any CPU.Build.0 = Release|Any CPU
		{50B6DC80-E592-483E-BAAA-FA6160C64897}.Debug|Any CPU.ActiveCfg = Debug|Any CPU
		{50B6DC80-E592-483E-BAAA-FA6160C64897}.Debug|Any CPU.Build.0 = Debug|Any CPU
		{50B6DC80-E592-483E-BAAA-FA6160C64897}.Release|Any CPU.ActiveCfg = Release|Any CPU
		{50B6DC80-E592-483E-BAAA-FA6160C64897}.Release|Any CPU.Build.0 = Release|Any CPU
	EndGlobalSection
	GlobalSection(SolutionProperties) = preSolution
		HideSolutionNode = FALSE
	EndGlobalSection
	GlobalSection(ExtensibilityGlobals) = postSolution
		SolutionGuid = {DDF6D800-2783-4B48-BAAA-A54323CF9ECA}
	EndGlobalSection
EndGlobal
